
Microsoft Visual Studio Solution File, Format Version 12.00
# Visual Studio 15
VisualStudioVersion = 15.0.28307.645
MinimumVisualStudioVersion = 10.0.40219.1
Project("{8BC9CEB8-8B4A-11D0-8D11-00A0C91BC942}") = "GameOfLife", "GameOfLife\GameOfLife.vcxproj", "{57361F6B-DF56-4979-8A51-4EF48DF780CE}"
EndProject
Global
	GlobalSection(SolutionConfigurationPlatforms) = preSolution
		Debug|x64 = Debug|x64
		Release|x64 = Release|x64
	EndGlobalSection
	GlobalSection(ProjectConfigurationPlatforms) = postSolution
		{57361F6B-DF56-4979-8A51-4EF48DF780CE}.Debug|x64.ActiveCfg = Debug|x64
		{57361F6B-DF56-4979-8A51-4EF48DF780CE}.Debug|x64.Build.0 = Debug|x64
		{57361F6B-DF56-4979-8A51-4EF48DF780CE}.Release|x64.ActiveCfg = Release|x64
		{57361F6B-DF56-4979-8A51-4EF48DF780CE}.Release|x64.Build.0 = Release|x64
	EndGlobalSection
	GlobalSection(SolutionProperties) = preSolution
		HideSolutionNode = FALSE
	EndGlobalSection
	GlobalSection(ExtensibilityGlobals) = postSolution
		SolutionGuid = {0A7B00A6-88EF-4907-A7F2-86AFD57D685B}
	EndGlobalSection
EndGlobal
